
Microsoft Visual Studio Solution File, Format Version 12.00
# Visual Studio 15
VisualStudioVersion = 15.0.28307.136
MinimumVisualStudioVersion = 10.0.40219.1
Project("{FAE04EC0-301F-11D3-BF4B-00C04F79EFBC}") = "Sandbox", "Sandbox\Sandbox.csproj", "{8CF1DB8D-9610-4F06-8694-95766D894F13}"
EndProject
Project("{FAE04EC0-301F-11D3-BF4B-00C04F79EFBC}") = "SandboxLib", "SandboxLib\SandboxLib.csproj", "{81DEA217-6E9D-42AA-942E-374F9C407CE9}"
EndProject
Project("{FAE04EC0-301F-11D3-BF4B-00C04F79EFBC}") = "FileHandleScanner", "FileHandleScanner\FileHandleScanner.csproj", "{41D7E383-BB1F-4B01-9B0E-D68327023294}"
EndProject
Global
	GlobalSection(SolutionConfigurationPlatforms) = preSolution
		Debug|Any CPU = Debug|Any CPU
		Release|Any CPU = Release|Any CPU
	EndGlobalSection
	GlobalSection(ProjectConfigurationPlatforms) = postSolution
		{8CF1DB8D-9610-4F06-8694-95766D894F13}.Debug|Any CPU.ActiveCfg = Debug|Any CPU
		{8CF1DB8D-9610-4F06-8694-95766D894F13}.Debug|Any CPU.Build.0 = Debug|Any CPU
		{8CF1DB8D-9610-4F06-8694-95766D894F13}.Release|Any CPU.ActiveCfg = Release|Any CPU
		{8CF1DB8D-9610-4F06-8694-95766D894F13}.Release|Any CPU.Build.0 = Release|Any CPU
		{81DEA217-6E9D-42AA-942E-374F9C407CE9}.Debug|Any CPU.ActiveCfg = Debug|Any CPU
		{81DEA217-6E9D-42AA-942E-374F9C407CE9}.Debug|Any CPU.Build.0 = Debug|Any CPU
		{81DEA217-6E9D-42AA-942E-374F9C407CE9}.Release|Any CPU.ActiveCfg = Release|Any CPU
		{81DEA217-6E9D-42AA-942E-374F9C407CE9}.Release|Any CPU.Build.0 = Release|Any CPU
		{41D7E383-BB1F-4B01-9B0E-D68327023294}.Debug|Any CPU.ActiveCfg = Debug|Any CPU
		{41D7E383-BB1F-4B01-9B0E-D68327023294}.Debug|Any CPU.Build.0 = Debug|Any CPU
		{41D7E383-BB1F-4B01-9B0E-D68327023294}.Release|Any CPU.ActiveCfg = Release|Any CPU
		{41D7E383-BB1F-4B01-9B0E-D68327023294}.Release|Any CPU.Build.0 = Release|Any CPU
	EndGlobalSection
	GlobalSection(SolutionProperties) = preSolution
		HideSolutionNode = FALSE
	EndGlobalSection
	GlobalSection(ExtensibilityGlobals) = postSolution
		SolutionGuid = {025C8E27-13C9-4D63-88C3-9C3DA7E06228}
	EndGlobalSection
EndGlobal
